{
  "name": "webradio",
  "version": "1.0.0",
  "lockfileVersion": 2,
  "requires": true,
  "packages": {
    "": {
      "version": "1.0.0",
      "license": "ISC",
      "dependencies": {
        "@material/card": "^10.0.0",
        "@material/textfield": "^10.0.0",
        "@material/top-app-bar": "^10.0.0",
        "@mdi/font": "^5.9.55"
      }
    },
    "node_modules/@material/animation": {
      "version": "10.0.0",
      "resolved": "https://registry.npmjs.org/@material/animation/-/animation-10.0.0.tgz",
      "integrity": "sha512-5e8e+W+n105rfSTRI5Mfmh9VMqzNG8+OhxjfDr7k0lYCfjbkT8LsAInonC5EotJzcaxD0vtDUqRqdW8xKIXNWg==",
      "dependencies": {
        "tslib": "^1.9.3"
      }
    },
    "node_modules/@material/base": {
      "version": "10.0.0",
      "resolved": "https://registry.npmjs.org/@material/base/-/base-10.0.0.tgz",
      "integrity": "sha512-PQWNSsNYVvMcWKsRFHgs5JjsHuv6cTogdlp9uhx5ChdLNCkflpXlMKJ7aYfcl56fdLntWQbxXowLh1JAfrTrmg==",
      "dependencies": {
        "tslib": "^1.9.3"
      }
    },
    "node_modules/@material/card": {
      "version": "10.0.0",
      "resolved": "https://registry.npmjs.org/@material/card/-/card-10.0.0.tgz",
      "integrity": "sha512-IwdmUdrMDKb27K6xUhRSafPNbrAmcrPSxM3E8ad1Hk55+9O8Tl9SnGfOQGNtocGa8O7qFr8jsiqdIrxJN85VEA==",
      "dependencies": {
        "@material/dom": "^10.0.0",
        "@material/elevation": "^10.0.0",
        "@material/feature-targeting": "^10.0.0",
        "@material/ripple": "^10.0.0",
        "@material/rtl": "^10.0.0",
        "@material/shape": "^10.0.0",
        "@material/theme": "^10.0.0"
      }
    },
    "node_modules/@material/density": {
      "version": "10.0.0",
      "resolved": "https://registry.npmjs.org/@material/density/-/density-10.0.0.tgz",
      "integrity": "sha512-nLf8N5e6tEYo+W762z3coTDl2b1FFKJv/uU+E5UsBYOL0ftXrOMtiYSwg9MJjfWtdG+uUBfb3VLcBvIl2x3C0w=="
    },
    "node_modules/@material/dom": {
      "version": "10.0.0",
      "resolved": "https://registry.npmjs.org/@material/dom/-/dom-10.0.0.tgz",
      "integrity": "sha512-rimaFIRsbacSjnk/1IqQZLOjoIWYhmuR6AZR35nkeAYg0H3DmLuNTGyAgsMaC8O/1vBcAp+c4N9WASkITCOE5A==",
      "dependencies": {
        "@material/feature-targeting": "^10.0.0",
        "tslib": "^1.9.3"
      }
    },
    "node_modules/@material/elevation": {
      "version": "10.0.0",
      "resolved": "https://registry.npmjs.org/@material/elevation/-/elevation-10.0.0.tgz",
      "integrity": "sha512-D/CeTIkRmV9iLJDzUnKSt2FTM7SLv3ixQjindNaAEAaCdsaoUfx6Q2dRAlqQOL0y6yeTvvpxK9IFwu411J3xXw==",
      "dependencies": {
        "@material/animation": "^10.0.0",
        "@material/base": "^10.0.0",
        "@material/feature-targeting": "^10.0.0",
        "@material/theme": "^10.0.0"
      }
    },
    "node_modules/@material/feature-targeting": {
      "version": "10.0.0",
      "resolved": "https://registry.npmjs.org/@material/feature-targeting/-/feature-targeting-10.0.0.tgz",
      "integrity": "sha512-Pn48jeeD2ScMq0NoR0k9SeC3UFOOTarKNIYxL+TkFRLGks/TgFoSIDRwXCzva/9umw9/Q2xOWrY/Gqs1zBIgOA=="
    },
    "node_modules/@material/floating-label": {
      "version": "10.0.0",
      "resolved": "https://registry.npmjs.org/@material/floating-label/-/floating-label-10.0.0.tgz",
      "integrity": "sha512-np5ETpkZiv4WkgO9b4PKM9oWnuMaF7smxPx0ef4xvwj1jfj7z40OSV85p+3xVp9fJ6UkiDQBqqB+5xquf/o++w==",
      "dependencies": {
        "@material/animation": "^10.0.0",
        "@material/base": "^10.0.0",
        "@material/dom": "^10.0.0",
        "@material/feature-targeting": "^10.0.0",
        "@material/rtl": "^10.0.0",
        "@material/theme": "^10.0.0",
        "@material/typography": "^10.0.0",
        "tslib": "^1.9.3"
      }
    },
    "node_modules/@material/line-ripple": {
      "version": "10.0.0",
      "resolved": "https://registry.npmjs.org/@material/line-ripple/-/line-ripple-10.0.0.tgz",
      "integrity": "sha512-68Kn1cs2T0GWRdAfdtoDz5grROVeGtS9WSYe0kCDsoXFmHEjGhxVZfIT3E6as6NcrP7haLPJEV6ACg4tvzr8uQ==",
      "dependencies": {
        "@material/animation": "^10.0.0",
        "@material/base": "^10.0.0",
        "@material/feature-targeting": "^10.0.0",
        "@material/theme": "^10.0.0",
        "tslib": "^1.9.3"
      }
    },
    "node_modules/@material/notched-outline": {
      "version": "10.0.0",
      "resolved": "https://registry.npmjs.org/@material/notched-outline/-/notched-outline-10.0.0.tgz",
      "integrity": "sha512-SgiLTX2Wy15EAVl6eve+5ruBpnmkN3BclB/6RARvswld6uXhJ4HFSM01sztg4QPhCDehyqNIZvo/LdtyK+99vg==",
      "dependencies": {
        "@material/base": "^10.0.0",
        "@material/feature-targeting": "^10.0.0",
        "@material/floating-label": "^10.0.0",
        "@material/rtl": "^10.0.0",
        "@material/shape": "^10.0.0",
        "@material/theme": "^10.0.0",
        "tslib": "^1.9.3"
      }
    },
    "node_modules/@material/ripple": {
      "version": "10.0.0",
      "resolved": "https://registry.npmjs.org/@material/ripple/-/ripple-10.0.0.tgz",
      "integrity": "sha512-KZPJ6YvLFJKkulUemKFq/Y3h9/Pbta+zOjBN1ZoeiP5++5thfsMJuL+L2bWa4GqUjSj66xW75LQrxX/ammCYzw==",
      "dependencies": {
        "@material/animation": "^10.0.0",
        "@material/base": "^10.0.0",
        "@material/dom": "^10.0.0",
        "@material/feature-targeting": "^10.0.0",
        "@material/theme": "^10.0.0",
        "tslib": "^1.9.3"
      }
    },
    "node_modules/@material/rtl": {
      "version": "10.0.0",
      "resolved": "https://registry.npmjs.org/@material/rtl/-/rtl-10.0.0.tgz",
      "integrity": "sha512-887Dq0JrlRx5uwQ2Ku4Gig0e7iMIdKAAvvk/Wnglo9jFUvJE94rgSyyDLbwsN4vo1s33PwxHK1uWteALkzMQWw==",
      "dependencies": {
        "@material/theme": "^10.0.0"
      }
    },
    "node_modules/@material/shape": {
      "version": "10.0.0",
      "resolved": "https://registry.npmjs.org/@material/shape/-/shape-10.0.0.tgz",
      "integrity": "sha512-2zUib2htoZz21ULa9lNd4llGOWlZcGLBKKJdNV6wsyPlqdh6SjEXf3Fz1BrWV6pQVW3fhnhn+oTFLMveV1mMZw==",
      "dependencies": {
        "@material/feature-targeting": "^10.0.0",
        "@material/rtl": "^10.0.0",
        "@material/theme": "^10.0.0"
      }
    },
    "node_modules/@material/textfield": {
      "version": "10.0.0",
      "resolved": "https://registry.npmjs.org/@material/textfield/-/textfield-10.0.0.tgz",
      "integrity": "sha512-EqqG1c8J8pGTBV3ogXlEi3ZxGuG8qAGYw9Z3QI+r3FvYvrX4qp9Xl1ifDRweVF18eJ28DINXqBdL7XNmnCaZpw==",
      "dependencies": {
        "@material/animation": "^10.0.0",
        "@material/base": "^10.0.0",
        "@material/density": "^10.0.0",
        "@material/dom": "^10.0.0",
        "@material/feature-targeting": "^10.0.0",
        "@material/floating-label": "^10.0.0",
        "@material/line-ripple": "^10.0.0",
        "@material/notched-outline": "^10.0.0",
        "@material/ripple": "^10.0.0",
        "@material/rtl": "^10.0.0",
        "@material/shape": "^10.0.0",
        "@material/theme": "^10.0.0",
        "@material/typography": "^10.0.0",
        "tslib": "^1.9.3"
      }
    },
    "node_modules/@material/theme": {
      "version": "10.0.0",
      "resolved": "https://registry.npmjs.org/@material/theme/-/theme-10.0.0.tgz",
      "integrity": "sha512-ll5UFjPR6np4jgTzDQO85VQg6FgLM0Vy1MlyJVRr/kn+2adX5hDxiBOnuC9fTeVhIBBPjbAMOFPa6VhNmAmkvg==",
      "dependencies": {
        "@material/feature-targeting": "^10.0.0"
      }
    },
    "node_modules/@material/top-app-bar": {
      "version": "10.0.0",
      "resolved": "https://registry.npmjs.org/@material/top-app-bar/-/top-app-bar-10.0.0.tgz",
      "integrity": "sha512-9UKxshyQw/FYX+V5qpsNcyU+4Z+3bvxa415jZkorq+ffoaIzKjc30zBGYcpQSAs2wwobiSp5srMmrTuU/x9k7A==",
      "dependencies": {
        "@material/animation": "^10.0.0",
        "@material/base": "^10.0.0",
        "@material/elevation": "^10.0.0",
        "@material/ripple": "^10.0.0",
        "@material/rtl": "^10.0.0",
        "@material/shape": "^10.0.0",
        "@material/theme": "^10.0.0",
        "@material/typography": "^10.0.0",
        "tslib": "^1.9.3"
      }
    },
    "node_modules/@material/typography": {
      "version": "10.0.0",
      "resolved": "https://registry.npmjs.org/@material/typography/-/typography-10.0.0.tgz",
      "integrity": "sha512-RtFfL/mfOOkliL/iXY1YPrx8Rw1LZWQC4Jpn2zs04xM+AhhDOcD4Hek5xcvWFjhzEmPUz7yhCTWsMOmVtsXzig==",
      "dependencies": {
        "@material/feature-targeting": "^10.0.0",
        "@material/theme": "^10.0.0"
      }
    },
    "node_modules/@mdi/font": {
      "version": "5.9.55",
      "resolved": "https://registry.npmjs.org/@mdi/font/-/font-5.9.55.tgz",
      "integrity": "sha512-jswRF6q3eq8NWpWiqct6q+6Fg/I7nUhrxYJfiEM8JJpap0wVJLQdbKtyS65GdlK7S7Ytnx3TTi/bmw+tBhkGmg=="
    },
    "node_modules/tslib": {
      "version": "1.14.1",
      "resolved": "https://registry.npmjs.org/tslib/-/tslib-1.14.1.tgz",
      "integrity": "sha512-Xni35NKzjgMrwevysHTCArtLDpPvye8zV/0E4EyYn43P7/7qvQwPh9BGkHewbMulVntbigmcT7rdX3BNo9wRJg=="
    }
  },
  "dependencies": {
    "@material/animation": {
      "version": "10.0.0",
      "resolved": "https://registry.npmjs.org/@material/animation/-/animation-10.0.0.tgz",
      "integrity": "sha512-5e8e+W+n105rfSTRI5Mfmh9VMqzNG8+OhxjfDr7k0lYCfjbkT8LsAInonC5EotJzcaxD0vtDUqRqdW8xKIXNWg==",
      "requires": {
        "tslib": "^1.9.3"
      }
    },
    "@material/base": {
      "version": "10.0.0",
      "resolved": "https://registry.npmjs.org/@material/base/-/base-10.0.0.tgz",
      "integrity": "sha512-PQWNSsNYVvMcWKsRFHgs5JjsHuv6cTogdlp9uhx5ChdLNCkflpXlMKJ7aYfcl56fdLntWQbxXowLh1JAfrTrmg==",
      "requires": {
        "tslib": "^1.9.3"
      }
    },
    "@material/card": {
      "version": "10.0.0",
      "resolved": "https://registry.npmjs.org/@material/card/-/card-10.0.0.tgz",
      "integrity": "sha512-IwdmUdrMDKb27K6xUhRSafPNbrAmcrPSxM3E8ad1Hk55+9O8Tl9SnGfOQGNtocGa8O7qFr8jsiqdIrxJN85VEA==",
      "requires": {
        "@material/dom": "^10.0.0",
        "@material/elevation": "^10.0.0",
        "@material/feature-targeting": "^10.0.0",
        "@material/ripple": "^10.0.0",
        "@material/rtl": "^10.0.0",
        "@material/shape": "^10.0.0",
        "@material/theme": "^10.0.0"
      }
    },
    "@material/density": {
      "version": "10.0.0",
      "resolved": "https://registry.npmjs.org/@material/density/-/density-10.0.0.tgz",
      "integrity": "sha512-nLf8N5e6tEYo+W762z3coTDl2b1FFKJv/uU+E5UsBYOL0ftXrOMtiYSwg9MJjfWtdG+uUBfb3VLcBvIl2x3C0w=="
    },
    "@material/dom": {
      "version": "10.0.0",
      "resolved": "https://registry.npmjs.org/@material/dom/-/dom-10.0.0.tgz",
      "integrity": "sha512-rimaFIRsbacSjnk/1IqQZLOjoIWYhmuR6AZR35nkeAYg0H3DmLuNTGyAgsMaC8O/1vBcAp+c4N9WASkITCOE5A==",
      "requires": {
        "@material/feature-targeting": "^10.0.0",
        "tslib": "^1.9.3"
      }
    },
    "@material/elevation": {
      "version": "10.0.0",
      "resolved": "https://registry.npmjs.org/@material/elevation/-/elevation-10.0.0.tgz",
      "integrity": "sha512-D/CeTIkRmV9iLJDzUnKSt2FTM7SLv3ixQjindNaAEAaCdsaoUfx6Q2dRAlqQOL0y6yeTvvpxK9IFwu411J3xXw==",
      "requires": {
        "@material/animation": "^10.0.0",
        "@material/base": "^10.0.0",
        "@material/feature-targeting": "^10.0.0",
        "@material/theme": "^10.0.0"
      }
    },
    "@material/feature-targeting": {
      "version": "10.0.0",
      "resolved": "https://registry.npmjs.org/@material/feature-targeting/-/feature-targeting-10.0.0.tgz",
      "integrity": "sha512-Pn48jeeD2ScMq0NoR0k9SeC3UFOOTarKNIYxL+TkFRLGks/TgFoSIDRwXCzva/9umw9/Q2xOWrY/Gqs1zBIgOA=="
    },
    "@material/floating-label": {
      "version": "10.0.0",
      "resolved": "https://registry.npmjs.org/@material/floating-label/-/floating-label-10.0.0.tgz",
      "integrity": "sha512-np5ETpkZiv4WkgO9b4PKM9oWnuMaF7smxPx0ef4xvwj1jfj7z40OSV85p+3xVp9fJ6UkiDQBqqB+5xquf/o++w==",
      "requires": {
        "@material/animation": "^10.0.0",
        "@material/base": "^10.0.0",
        "@material/dom": "^10.0.0",
        "@material/feature-targeting": "^10.0.0",
        "@material/rtl": "^10.0.0",
        "@material/theme": "^10.0.0",
        "@material/typography": "^10.0.0",
        "tslib": "^1.9.3"
      }
    },
    "@material/line-ripple": {
      "version": "10.0.0",
      "resolved": "https://registry.npmjs.org/@material/line-ripple/-/line-ripple-10.0.0.tgz",
      "integrity": "sha512-68Kn1cs2T0GWRdAfdtoDz5grROVeGtS9WSYe0kCDsoXFmHEjGhxVZfIT3E6as6NcrP7haLPJEV6ACg4tvzr8uQ==",
      "requires": {
        "@material/animation": "^10.0.0",
        "@material/base": "^10.0.0",
        "@material/feature-targeting": "^10.0.0",
        "@material/theme": "^10.0.0",
        "tslib": "^1.9.3"
      }
    },
    "@material/notched-outline": {
      "version": "10.0.0",
      "resolved": "https://registry.npmjs.org/@material/notched-outline/-/notched-outline-10.0.0.tgz",
      "integrity": "sha512-SgiLTX2Wy15EAVl6eve+5ruBpnmkN3BclB/6RARvswld6uXhJ4HFSM01sztg4QPhCDehyqNIZvo/LdtyK+99vg==",
      "requires": {
        "@material/base": "^10.0.0",
        "@material/feature-targeting": "^10.0.0",
        "@material/floating-label": "^10.0.0",
        "@material/rtl": "^10.0.0",
        "@material/shape": "^10.0.0",
        "@material/theme": "^10.0.0",
        "tslib": "^1.9.3"
      }
    },
    "@material/ripple": {
      "version": "10.0.0",
      "resolved": "https://registry.npmjs.org/@material/ripple/-/ripple-10.0.0.tgz",
      "integrity": "sha512-KZPJ6YvLFJKkulUemKFq/Y3h9/Pbta+zOjBN1ZoeiP5++5thfsMJuL+L2bWa4GqUjSj66xW75LQrxX/ammCYzw==",
      "requires": {
        "@material/animation": "^10.0.0",
        "@material/base": "^10.0.0",
        "@material/dom": "^10.0.0",
        "@material/feature-targeting": "^10.0.0",
        "@material/theme": "^10.0.0",
        "tslib": "^1.9.3"
      }
    },
    "@material/rtl": {
      "version": "10.0.0",
      "resolved": "https://registry.npmjs.org/@material/rtl/-/rtl-10.0.0.tgz",
      "integrity": "sha512-887Dq0JrlRx5uwQ2Ku4Gig0e7iMIdKAAvvk/Wnglo9jFUvJE94rgSyyDLbwsN4vo1s33PwxHK1uWteALkzMQWw==",
      "requires": {
        "@material/theme": "^10.0.0"
      }
    },
    "@material/shape": {
      "version": "10.0.0",
      "resolved": "https://registry.npmjs.org/@material/shape/-/shape-10.0.0.tgz",
      "integrity": "sha512-2zUib2htoZz21ULa9lNd4llGOWlZcGLBKKJdNV6wsyPlqdh6SjEXf3Fz1BrWV6pQVW3fhnhn+oTFLMveV1mMZw==",
      "requires": {
        "@material/feature-targeting": "^10.0.0",
        "@material/rtl": "^10.0.0",
        "@material/theme": "^10.0.0"
      }
    },
    "@material/textfield": {
      "version": "10.0.0",
      "resolved": "https://registry.npmjs.org/@material/textfield/-/textfield-10.0.0.tgz",
      "integrity": "sha512-EqqG1c8J8pGTBV3ogXlEi3ZxGuG8qAGYw9Z3QI+r3FvYvrX4qp9Xl1ifDRweVF18eJ28DINXqBdL7XNmnCaZpw==",
      "requires": {
        "@material/animation": "^10.0.0",
        "@material/base": "^10.0.0",
        "@material/density": "^10.0.0",
        "@material/dom": "^10.0.0",
        "@material/feature-targeting": "^10.0.0",
        "@material/floating-label": "^10.0.0",
        "@material/line-ripple": "^10.0.0",
        "@material/notched-outline": "^10.0.0",
        "@material/ripple": "^10.0.0",
        "@material/rtl": "^10.0.0",
        "@material/shape": "^10.0.0",
        "@material/theme": "^10.0.0",
        "@material/typography": "^10.0.0",
        "tslib": "^1.9.3"
      }
    },
    "@material/theme": {
      "version": "10.0.0",
      "resolved": "https://registry.npmjs.org/@material/theme/-/theme-10.0.0.tgz",
      "integrity": "sha512-ll5UFjPR6np4jgTzDQO85VQg6FgLM0Vy1MlyJVRr/kn+2adX5hDxiBOnuC9fTeVhIBBPjbAMOFPa6VhNmAmkvg==",
      "requires": {
        "@material/feature-targeting": "^10.0.0"
      }
    },
    "@material/top-app-bar": {
      "version": "10.0.0",
      "resolved": "https://registry.npmjs.org/@material/top-app-bar/-/top-app-bar-10.0.0.tgz",
      "integrity": "sha512-9UKxshyQw/FYX+V5qpsNcyU+4Z+3bvxa415jZkorq+ffoaIzKjc30zBGYcpQSAs2wwobiSp5srMmrTuU/x9k7A==",
      "requires": {
        "@material/animation": "^10.0.0",
        "@material/base": "^10.0.0",
        "@material/elevation": "^10.0.0",
        "@material/ripple": "^10.0.0",
        "@material/rtl": "^10.0.0",
        "@material/shape": "^10.0.0",
        "@material/theme": "^10.0.0",
        "@material/typography": "^10.0.0",
        "tslib": "^1.9.3"
      }
    },
    "@material/typography": {
      "version": "10.0.0",
      "resolved": "https://registry.npmjs.org/@material/typography/-/typography-10.0.0.tgz",
      "integrity": "sha512-RtFfL/mfOOkliL/iXY1YPrx8Rw1LZWQC4Jpn2zs04xM+AhhDOcD4Hek5xcvWFjhzEmPUz7yhCTWsMOmVtsXzig==",
      "requires": {
        "@material/feature-targeting": "^10.0.0",
        "@material/theme": "^10.0.0"
      }
    },
    "@mdi/font": {
      "version": "5.9.55",
      "resolved": "https://registry.npmjs.org/@mdi/font/-/font-5.9.55.tgz",
      "integrity": "sha512-jswRF6q3eq8NWpWiqct6q+6Fg/I7nUhrxYJfiEM8JJpap0wVJLQdbKtyS65GdlK7S7Ytnx3TTi/bmw+tBhkGmg=="
    },
    "tslib": {
      "version": "1.14.1",
      "resolved": "https://registry.npmjs.org/tslib/-/tslib-1.14.1.tgz",
      "integrity": "sha512-Xni35NKzjgMrwevysHTCArtLDpPvye8zV/0E4EyYn43P7/7qvQwPh9BGkHewbMulVntbigmcT7rdX3BNo9wRJg=="
    }
  }
}
